
Microsoft Visual Studio Solution File, Format Version 12.00
# Visual Studio 15
VisualStudioVersion = 15.0.28010.2046
MinimumVisualStudioVersion = 10.0.40219.1
Project("{FAE04EC0-301F-11D3-BF4B-00C04F79EFBC}") = "CalcolatriceGaleotti", "CalcolatriceGaleotti\CalcolatriceGaleotti.csproj", "{D882FBA1-EF09-40B5-A2C9-189BCFBD9510}"
EndProject
Global
	GlobalSection(SolutionConfigurationPlatforms) = preSolution
		Debug|Any CPU = Debug|Any CPU
		Release|Any CPU = Release|Any CPU
	EndGlobalSection
	GlobalSection(ProjectConfigurationPlatforms) = postSolution
		{D882FBA1-EF09-40B5-A2C9-189BCFBD9510}.Debug|Any CPU.ActiveCfg = Debug|Any CPU
		{D882FBA1-EF09-40B5-A2C9-189BCFBD9510}.Debug|Any CPU.Build.0 = Debug|Any CPU
		{D882FBA1-EF09-40B5-A2C9-189BCFBD9510}.Release|Any CPU.ActiveCfg = Release|Any CPU
		{D882FBA1-EF09-40B5-A2C9-189BCFBD9510}.Release|Any CPU.Build.0 = Release|Any CPU
	EndGlobalSection
	GlobalSection(SolutionProperties) = preSolution
		HideSolutionNode = FALSE
	EndGlobalSection
	GlobalSection(ExtensibilityGlobals) = postSolution
		SolutionGuid = {4E032E74-BA72-4D7C-87F5-001A9578A68B}
	EndGlobalSection
EndGlobal
