
Microsoft Visual Studio Solution File, Format Version 12.00
# Visual Studio 15
VisualStudioVersion = 15.0.28010.2046
MinimumVisualStudioVersion = 10.0.40219.1
Project("{FAE04EC0-301F-11D3-BF4B-00C04F79EFBC}") = "WPFapp", "WPFapp\WPFapp.csproj", "{1AF26DD9-6BBA-4C8A-83DF-5EF23296D446}"
EndProject
Global
	GlobalSection(SolutionConfigurationPlatforms) = preSolution
		Debug|Any CPU = Debug|Any CPU
		Release|Any CPU = Release|Any CPU
	EndGlobalSection
	GlobalSection(ProjectConfigurationPlatforms) = postSolution
		{1AF26DD9-6BBA-4C8A-83DF-5EF23296D446}.Debug|Any CPU.ActiveCfg = Debug|Any CPU
		{1AF26DD9-6BBA-4C8A-83DF-5EF23296D446}.Debug|Any CPU.Build.0 = Debug|Any CPU
		{1AF26DD9-6BBA-4C8A-83DF-5EF23296D446}.Release|Any CPU.ActiveCfg = Release|Any CPU
		{1AF26DD9-6BBA-4C8A-83DF-5EF23296D446}.Release|Any CPU.Build.0 = Release|Any CPU
	EndGlobalSection
	GlobalSection(SolutionProperties) = preSolution
		HideSolutionNode = FALSE
	EndGlobalSection
	GlobalSection(ExtensibilityGlobals) = postSolution
		SolutionGuid = {C4A9BA01-7B98-4338-B766-890D382DF50A}
	EndGlobalSection
EndGlobal
