
Microsoft Visual Studio Solution File, Format Version 12.00
# Visual Studio 15
VisualStudioVersion = 15.0.28010.2046
MinimumVisualStudioVersion = 10.0.40219.1
Project("{FAE04EC0-301F-11D3-BF4B-00C04F79EFBC}") = "Matematica", "Matematica\Matematica.csproj", "{1F20B499-4A9D-4464-9DA6-1DDBBB5A7F81}"
EndProject
Project("{FAE04EC0-301F-11D3-BF4B-00C04F79EFBC}") = "LibreriaMatematica", "LibreriaMatematica\LibreriaMatematica.csproj", "{5E10AE38-1634-4A64-9886-115BBFD3392C}"
EndProject
Global
	GlobalSection(SolutionConfigurationPlatforms) = preSolution
		Debug|Any CPU = Debug|Any CPU
		Release|Any CPU = Release|Any CPU
	EndGlobalSection
	GlobalSection(ProjectConfigurationPlatforms) = postSolution
		{1F20B499-4A9D-4464-9DA6-1DDBBB5A7F81}.Debug|Any CPU.ActiveCfg = Debug|Any CPU
		{1F20B499-4A9D-4464-9DA6-1DDBBB5A7F81}.Debug|Any CPU.Build.0 = Debug|Any CPU
		{1F20B499-4A9D-4464-9DA6-1DDBBB5A7F81}.Release|Any CPU.ActiveCfg = Release|Any CPU
		{1F20B499-4A9D-4464-9DA6-1DDBBB5A7F81}.Release|Any CPU.Build.0 = Release|Any CPU
		{5E10AE38-1634-4A64-9886-115BBFD3392C}.Debug|Any CPU.ActiveCfg = Debug|Any CPU
		{5E10AE38-1634-4A64-9886-115BBFD3392C}.Debug|Any CPU.Build.0 = Debug|Any CPU
		{5E10AE38-1634-4A64-9886-115BBFD3392C}.Release|Any CPU.ActiveCfg = Release|Any CPU
		{5E10AE38-1634-4A64-9886-115BBFD3392C}.Release|Any CPU.Build.0 = Release|Any CPU
	EndGlobalSection
	GlobalSection(SolutionProperties) = preSolution
		HideSolutionNode = FALSE
	EndGlobalSection
	GlobalSection(ExtensibilityGlobals) = postSolution
		SolutionGuid = {138D6AFD-7998-4532-943A-A5062C17BF1D}
	EndGlobalSection
EndGlobal
